// !$*UTF8*$!
{
	archiveVersion = 1;
	classes = {
	};
	objectVersion = 48;
	objects = {

/* Begin PBXBuildFile section */
		02248D081F1EFF2B0034E383 /* AppDelegate.swift in Sources */ = {isa = PBXBuildFile; fileRef = 02248D071F1EFF2B0034E383 /* AppDelegate.swift */; };
		02248D0A1F1EFF2B0034E383 /* ViewController.swift in Sources */ = {isa = PBXBuildFile; fileRef = 02248D091F1EFF2B0034E383 /* ViewController.swift */; };
		02248D0D1F1EFF2B0034E383 /* Main.storyboard in Resources */ = {isa = PBXBuildFile; fileRef = 02248D0B1F1EFF2B0034E383 /* Main.storyboard */; };
		02248D0F1F1EFF2B0034E383 /* Assets.xcassets in Resources */ = {isa = PBXBuildFile; fileRef = 02248D0E1F1EFF2B0034E383 /* Assets.xcassets */; };
		02248D121F1EFF2B0034E383 /* LaunchScreen.storyboard in Resources */ = {isa = PBXBuildFile; fileRef = 02248D101F1EFF2B0034E383 /* LaunchScreen.storyboard */; };
		02248D1A1F1EFF410034E383 /* BageView.swift in Sources */ = {isa = PBXBuildFile; fileRef = 02248D191F1EFF410034E383 /* BageView.swift */; };
/* End PBXBuildFile section */

/* Begin PBXFileReference section */
		02248D041F1EFF2B0034E383 /* BadgeView.app */ = {isa = PBXFileReference; explicitFileType = wrapper.application; includeInIndex = 0; path = BadgeView.app; sourceTree = BUILT_PRODUCTS_DIR; };
		02248D071F1EFF2B0034E383 /* AppDelegate.swift */ = {isa = PBXFileReference; lastKnownFileType = sourcecode.swift; path = AppDelegate.swift; sourceTree = "<group>"; };
		02248D091F1EFF2B0034E383 /* ViewController.swift */ = {isa = PBXFileReference; lastKnownFileType = sourcecode.swift; path = ViewController.swift; sourceTree = "<group>"; };
		02248D0C1F1EFF2B0034E383 /* Base */ = {isa = PBXFileReference; lastKnownFileType = file.storyboard; name = Base; path = Base.lproj/Main.storyboard; sourceTree = "<group>"; };
		02248D0E1F1EFF2B0034E383 /* Assets.xcassets */ = {isa = PBXFileReference; lastKnownFileType = folder.assetcatalog; path = Assets.xcassets; sourceTree = "<group>"; };
		02248D111F1EFF2B0034E383 /* Base */ = {isa = PBXFileReference; lastKnownFileType = file.storyboard; name = Base; path = Base.lproj/LaunchScreen.storyboard; sourceTree = "<group>"; };
		02248D131F1EFF2B0034E383 /* Info.plist */ = {isa = PBXFileReference; lastKnownFileType = text.plist.xml; path = Info.plist; sourceTree = "<group>"; };
		02248D191F1EFF410034E383 /* BageView.swift */ = {isa = PBXFileReference; lastKnownFileType = sourcecode.swift; path = BageView.swift; sourceTree = "<group>"; };
/* End PBXFileReference section */

/* Begin PBXFrameworksBuildPhase section */
		02248D011F1EFF2B0034E383 /* Frameworks */ = {
			isa = PBXFrameworksBuildPhase;
			buildActionMask = 2147483647;
			files = (
			);
			runOnlyForDeploymentPostprocessing = 0;
		};
/* End PBXFrameworksBuildPhase section */

/* Begin PBXGroup section */
		02248CFB1F1EFF2B0034E383 = {
			isa = PBXGroup;
			children = (
				02248D061F1EFF2B0034E383 /* BadgeView */,
				02248D051F1EFF2B0034E383 /* Products */,
			);
			sourceTree = "<group>";
		};
		02248D051F1EFF2B0034E383 /* Products */ = {
			isa = PBXGroup;
			children = (
				02248D041F1EFF2B0034E383 /* BadgeView.app */,
			);
			name = Products;
			sourceTree = "<group>";
		};
		02248D061F1EFF2B0034E383 /* BadgeView */ = {
			isa = PBXGroup;
			children = (
				02248D071F1EFF2B0034E383 /* AppDelegate.swift */,
				02248D091F1EFF2B0034E383 /* ViewController.swift */,
				02248D191F1EFF410034E383 /* BageView.swift */,
				02248D0B1F1EFF2B0034E383 /* Main.storyboard */,
				02248D0E1F1EFF2B0034E383 /* Assets.xcassets */,
				02248D101F1EFF2B0034E383 /* LaunchScreen.storyboard */,
				02248D131F1EFF2B0034E383 /* Info.plist */,
			);
			path = BadgeView;
			sourceTree = "<group>";
		};
/* End PBXGroup section */

/* Begin PBXNativeTarget section */
		02248D031F1EFF2B0034E383 /* BadgeView */ = {
			isa = PBXNativeTarget;
			buildConfigurationList = 02248D161F1EFF2B0034E383 /* Build configuration list for PBXNativeTarget "BadgeView" */;
			buildPhases = (
				02248D001F1EFF2B0034E383 /* Sources */,
				02248D011F1EFF2B0034E383 /* Frameworks */,
				02248D021F1EFF2B0034E383 /* Resources */,
			);
			buildRules = (
			);
			dependencies = (
			);
			name = BadgeView;
			productName = BadgeView;
			productReference = 02248D041F1EFF2B0034E383 /* BadgeView.app */;
			productType = "com.apple.product-type.application";
		};
/* End PBXNativeTarget section */

/* Begin PBXProject section */
		02248CFC1F1EFF2B0034E383 /* Project object */ = {
			isa = PBXProject;
			attributes = {
				LastSwiftUpdateCheck = 0900;
				LastUpgradeCheck = 0900;
				ORGANIZATIONNAME = "ZhiHua Shen";
				TargetAttributes = {
					02248D031F1EFF2B0034E383 = {
						CreatedOnToolsVersion = 9.0;
					};
				};
			};
			buildConfigurationList = 02248CFF1F1EFF2B0034E383 /* Build configuration list for PBXProject "BadgeView" */;
			compatibilityVersion = "Xcode 8.0";
			developmentRegion = en;
			hasScannedForEncodings = 0;
			knownRegions = (
				en,
				Base,
			);
			mainGroup = 02248CFB1F1EFF2B0034E383;
			productRefGroup = 02248D051F1EFF2B0034E383 /* Products */;
			projectDirPath = "";
			projectRoot = "";
			targets = (
				02248D031F1EFF2B0034E383 /* BadgeView */,
			);
		};
/* End PBXProject section */

/* Begin PBXResourcesBuildPhase section */
		02248D021F1EFF2B0034E383 /* Resources */ = {
			isa = PBXResourcesBuildPhase;
			buildActionMask = 2147483647;
			files = (
				02248D121F1EFF2B0034E383 /* LaunchScreen.storyboard in Resources */,
				02248D0F1F1EFF2B0034E383 /* Assets.xcassets in Resources */,
				02248D0D1F1EFF2B0034E383 /* Main.storyboard in Resources */,
			);
			runOnlyForDeploymentPostprocessing = 0;
		};
/* End PBXResourcesBuildPhase section */

/* Begin PBXSourcesBuildPhase section */
		02248D001F1EFF2B0034E383 /* Sources */ = {
			isa = PBXSourcesBuildPhase;
			buildActionMask = 2147483647;
			files = (
				02248D1A1F1EFF410034E383 /* BageView.swift in Sources */,
				02248D0A1F1EFF2B0034E383 /* ViewController.swift in Sources */,
				02248D081F1EFF2B0034E383 /* AppDelegate.swift in Sources */,
			);
			runOnlyForDeploymentPostprocessing = 0;
		};
/* End PBXSourcesBuildPhase section */

/* Begin PBXVariantGroup section */
		02248D0B1F1EFF2B0034E383 /* Main.storyboard */ = {
			isa = PBXVariantGroup;
			children = (
				02248D0C1F1EFF2B0034E383 /* Base */,
			);
			name = Main.storyboard;
			sourceTree = "<group>";
		};
		02248D101F1EFF2B0034E383 /* LaunchScreen.storyboard */ = {
			isa = PBXVariantGroup;
			children = (
				02248D111F1EFF2B0034E383 /* Base */,
			);
			name = LaunchScreen.storyboard;
			sourceTree = "<group>";
		};
/* End PBXVariantGroup section */

/* Begin XCBuildConfiguration section */
		02248D141F1EFF2B0034E383 /* Debug */ = {
			isa = XCBuildConfiguration;
			buildSettings = {
				ALWAYS_SEARCH_USER_PATHS = NO;
				CLANG_ANALYZER_NONNULL = YES;
				CLANG_ANALYZER_NUMBER_OBJECT_CONVERSION = YES_AGGRESSIVE;
				CLANG_CXX_LANGUAGE_STANDARD = "gnu++14";
				CLANG_CXX_LIBRARY = "libc++";
				CLANG_ENABLE_MODULES = YES;
				CLANG_ENABLE_OBJC_ARC = YES;
				CLANG_WARN_BLOCK_CAPTURE_AUTORELEASING = YES;
				CLANG_WARN_BOOL_CONVERSION = YES;
				CLANG_WARN_COMMA = YES;
				CLANG_WARN_CONSTANT_CONVERSION = YES;
				CLANG_WARN_DIRECT_OBJC_ISA_USAGE = YES_ERROR;
				CLANG_WARN_DOCUMENTATION_COMMENTS = YES;
				CLANG_WARN_EMPTY_BODY = YES;
				CLANG_WARN_ENUM_CONVERSION = YES;
				CLANG_WARN_INFINITE_RECURSION = YES;
				CLANG_WARN_INT_CONVERSION = YES;
				CLANG_WARN_NON_LITERAL_NULL_CONVERSION = YES;
				CLANG_WARN_OBJC_LITERAL_CONVERSION = YES;
				CLANG_WARN_OBJC_ROOT_CLASS = YES_ERROR;
				CLANG_WARN_RANGE_LOOP_ANALYSIS = YES;
				CLANG_WARN_STRICT_PROTOTYPES = YES;
				CLANG_WARN_SUSPICIOUS_MOVE = YES;
				CLANG_WARN_UNGUARDED_AVAILABILITY = YES_AGGRESSIVE;
				CLANG_WARN_UNREACHABLE_CODE = YES;
				CLANG_WARN__DUPLICATE_METHOD_MATCH = YES;
				CODE_SIGN_IDENTITY = "iPhone Developer";
				COPY_PHASE_STRIP = NO;
				DEBUG_INFORMATION_FORMAT = dwarf;
				ENABLE_STRICT_OBJC_MSGSEND = YES;
				ENABLE_TESTABILITY = YES;
				GCC_C_LANGUAGE_STANDARD = gnu11;
				GCC_DYNAMIC_NO_PIC = NO;
				GCC_NO_COMMON_BLOCKS = YES;
				GCC_OPTIMIZATION_LEVEL = 0;
				GCC_PREPROCESSOR_DEFINITIONS = (
					"DEBUG=1",
					"$(inherited)",
				);
				GCC_WARN_64_TO_32_BIT_CONVERSION = YES;
				GCC_WARN_ABOUT_RETURN_TYPE = YES_ERROR;
				GCC_WARN_UNDECLARED_SELECTOR = YES;
				GCC_WARN_UNINITIALIZED_AUTOS = YES_AGGRESSIVE;
				GCC_WARN_UNUSED_FUNCTION = YES;
				GCC_WARN_UNUSED_VARIABLE = YES;
				IPHONEOS_DEPLOYMENT_TARGET = 11.0;
				MTL_ENABLE_DEBUG_INFO = YES;
				ONLY_ACTIVE_ARCH = YES;
				SDKROOT = iphoneos;
				SWIFT_ACTIVE_COMPILATION_CONDITIONS = DEBUG;
				SWIFT_OPTIMIZATION_LEVEL = "-Onone";
			};
			name = Debug;
		};
		02248D151F1EFF2B0034E383 /* Release */ = {
			isa = XCBuildConfiguration;
			buildSettings = {
				ALWAYS_SEARCH_USER_PATHS = NO;
				CLANG_ANALYZER_NONNULL = YES;
				CLANG_ANALYZER_NUMBER_OBJECT_CONVERSION = YES_AGGRESSIVE;
				CLANG_CXX_LANGUAGE_STANDARD = "gnu++14";
				CLANG_CXX_LIBRARY = "libc++";
				CLANG_ENABLE_MODULES = YES;
				CLANG_ENABLE_OBJC_ARC = YES;
				CLANG_WARN_BLOCK_CAPTURE_AUTORELEASING = YES;
				CLANG_WARN_BOOL_CONVERSION = YES;
				CLANG_WARN_COMMA = YES;
				CLANG_WARN_CONSTANT_CONVERSION = YES;
				CLANG_WARN_DIRECT_OBJC_ISA_USAGE = YES_ERROR;
				CLANG_WARN_DOCUMENTATION_COMMENTS = YES;
				CLANG_WARN_EMPTY_BODY = YES;
				CLANG_WARN_ENUM_CONVERSION = YES;
				CLANG_WARN_INFINITE_RECURSION = YES;
				CLANG_WARN_INT_CONVERSION = YES;
				CLANG_WARN_NON_LITERAL_NULL_CONVERSION = YES;
				CLANG_WARN_OBJC_LITERAL_CONVERSION = YES;
				CLANG_WARN_OBJC_ROOT_CLASS = YES_ERROR;
				CLANG_WARN_RANGE_LOOP_ANALYSIS = YES;
				CLANG_WARN_STRICT_PROTOTYPES = YES;
				CLANG_WARN_SUSPICIOUS_MOVE = YES;
				CLANG_WARN_UNGUARDED_AVAILABILITY = YES_AGGRESSIVE;
				CLANG_WARN_UNREACHABLE_CODE = YES;
				CLANG_WARN__DUPLICATE_METHOD_MATCH = YES;
				CODE_SIGN_IDENTITY = "iPhone Developer";
				COPY_PHASE_STRIP = NO;
				DEBUG_INFORMATION_FORMAT = "dwarf-with-dsym";
				ENABLE_NS_ASSERTIONS = NO;
				ENABLE_STRICT_OBJC_MSGSEND = YES;
				GCC_C_LANGUAGE_STANDARD = gnu11;
				GCC_NO_COMMON_BLOCKS = YES;
				GCC_WARN_64_TO_32_BIT_CONVERSION = YES;
				GCC_WARN_ABOUT_RETURN_TYPE = YES_ERROR;
				GCC_WARN_UNDECLARED_SELECTOR = YES;
				GCC_WARN_UNINITIALIZED_AUTOS = YES_AGGRESSIVE;
				GCC_WARN_UNUSED_FUNCTION = YES;
				GCC_WARN_UNUSED_VARIABLE = YES;
				IPHONEOS_DEPLOYMENT_TARGET = 11.0;
				MTL_ENABLE_DEBUG_INFO = NO;
				SDKROOT = iphoneos;
				SWIFT_OPTIMIZATION_LEVEL = "-Owholemodule";
				VALIDATE_PRODUCT = YES;
			};
			name = Release;
		};
		02248D171F1EFF2B0034E383 /* Debug */ = {
			isa = XCBuildConfiguration;
			buildSettings = {
				ASSETCATALOG_COMPILER_APPICON_NAME = AppIcon;
				DEVELOPMENT_TEAM = S2PRN5RUXV;
				INFOPLIST_FILE = BadgeView/Info.plist;
				IPHONEOS_DEPLOYMENT_TARGET = 9.3;
				LD_RUNPATH_SEARCH_PATHS = "$(inherited) @executable_path/Frameworks";
				PRODUCT_BUNDLE_IDENTIFIER = com.gangmian.BadgeView;
				PRODUCT_NAME = "$(TARGET_NAME)";
				SWIFT_VERSION = 4.0;
				TARGETED_DEVICE_FAMILY = "1,2";
			};
			name = Debug;
		};
		02248D181F1EFF2B0034E383 /* Release */ = {
			isa = XCBuildConfiguration;
			buildSettings = {
				ASSETCATALOG_COMPILER_APPICON_NAME = AppIcon;
				DEVELOPMENT_TEAM = S2PRN5RUXV;
				INFOPLIST_FILE = BadgeView/Info.plist;
				IPHONEOS_DEPLOYMENT_TARGET = 9.3;
				LD_RUNPATH_SEARCH_PATHS = "$(inherited) @executable_path/Frameworks";
				PRODUCT_BUNDLE_IDENTIFIER = com.gangmian.BadgeView;
				PRODUCT_NAME = "$(TARGET_NAME)";
				SWIFT_VERSION = 4.0;
				TARGETED_DEVICE_FAMILY = "1,2";
			};
			name = Release;
		};
/* End XCBuildConfiguration section */

/* Begin XCConfigurationList section */
		02248CFF1F1EFF2B0034E383 /* Build configuration list for PBXProject "BadgeView" */ = {
			isa = XCConfigurationList;
			buildConfigurations = (
				02248D141F1EFF2B0034E383 /* Debug */,
				02248D151F1EFF2B0034E383 /* Release */,
			);
			defaultConfigurationIsVisible = 0;
			defaultConfigurationName = Release;
		};
		02248D161F1EFF2B0034E383 /* Build configuration list for PBXNativeTarget "BadgeView" */ = {
			isa = XCConfigurationList;
			buildConfigurations = (
				02248D171F1EFF2B0034E383 /* Debug */,
				02248D181F1EFF2B0034E383 /* Release */,
			);
			defaultConfigurationIsVisible = 0;
		};
/* End XCConfigurationList section */
	};
	rootObject = 02248CFC1F1EFF2B0034E383 /* Project object */;
}
